
Microsoft Visual Studio Solution File, Format Version 12.00
# Visual Studio Version 16
VisualStudioVersion = 16.0.30907.101
MinimumVisualStudioVersion = 10.0.40219.1
Project("{FAE04EC0-301F-11D3-BF4B-00C04F79EFBC}") = "WebApp", "WebApp\WebApp.csproj", "{97E26844-A97C-41AD-925B-411C0C1E0303}"
EndProject
Global
	GlobalSection(SolutionConfigurationPlatforms) = preSolution
		Debug|Any CPU = Debug|Any CPU
		Release|Any CPU = Release|Any CPU
	EndGlobalSection
	GlobalSection(ProjectConfigurationPlatforms) = postSolution
		{97E26844-A97C-41AD-925B-411C0C1E0303}.Debug|Any CPU.ActiveCfg = Debug|Any CPU
		{97E26844-A97C-41AD-925B-411C0C1E0303}.Debug|Any CPU.Build.0 = Debug|Any CPU
		{97E26844-A97C-41AD-925B-411C0C1E0303}.Release|Any CPU.ActiveCfg = Release|Any CPU
		{97E26844-A97C-41AD-925B-411C0C1E0303}.Release|Any CPU.Build.0 = Release|Any CPU
	EndGlobalSection
	GlobalSection(SolutionProperties) = preSolution
		HideSolutionNode = FALSE
	EndGlobalSection
	GlobalSection(ExtensibilityGlobals) = postSolution
		SolutionGuid = {C977C3BF-1D8C-42B3-A3B3-32085B58CBD9}
	EndGlobalSection
EndGlobal
